// !$*UTF8*$!
{
	archiveVersion = 1;
	classes = {
	};
	objectVersion = 56;
	objects = {

/* Begin PBXBuildFile section */
		5385A8022A149E310098CA52 /* GithubTutorialApp.swift in Sources */ = {isa = PBXBuildFile; fileRef = 5385A8012A149E310098CA52 /* GithubTutorialApp.swift */; };
		5385A8042A149E310098CA52 /* ContentView.swift in Sources */ = {isa = PBXBuildFile; fileRef = 5385A8032A149E310098CA52 /* ContentView.swift */; };
		5385A8062A149E320098CA52 /* Assets.xcassets in Resources */ = {isa = PBXBuildFile; fileRef = 5385A8052A149E320098CA52 /* Assets.xcassets */; };
		5385A80A2A149E320098CA52 /* Preview Assets.xcassets in Resources */ = {isa = PBXBuildFile; fileRef = 5385A8092A149E320098CA52 /* Preview Assets.xcassets */; };
		5385A8142A149E320098CA52 /* GithubTutorialTests.swift in Sources */ = {isa = PBXBuildFile; fileRef = 5385A8132A149E320098CA52 /* GithubTutorialTests.swift */; };
		5385A81E2A149E320098CA52 /* GithubTutorialUITests.swift in Sources */ = {isa = PBXBuildFile; fileRef = 5385A81D2A149E320098CA52 /* GithubTutorialUITests.swift */; };
		5385A8202A149E320098CA52 /* GithubTutorialUITestsLaunchTests.swift in Sources */ = {isa = PBXBuildFile; fileRef = 5385A81F2A149E320098CA52 /* GithubTutorialUITestsLaunchTests.swift */; };
/* End PBXBuildFile section */

/* Begin PBXContainerItemProxy section */
		5385A8102A149E320098CA52 /* PBXContainerItemProxy */ = {
			isa = PBXContainerItemProxy;
			containerPortal = 5385A7F62A149E310098CA52 /* Project object */;
			proxyType = 1;
			remoteGlobalIDString = 5385A7FD2A149E310098CA52;
			remoteInfo = GithubTutorial;
		};
		5385A81A2A149E320098CA52 /* PBXContainerItemProxy */ = {
			isa = PBXContainerItemProxy;
			containerPortal = 5385A7F62A149E310098CA52 /* Project object */;
			proxyType = 1;
			remoteGlobalIDString = 5385A7FD2A149E310098CA52;
			remoteInfo = GithubTutorial;
		};
/* End PBXContainerItemProxy section */

/* Begin PBXFileReference section */
		5385A7FE2A149E310098CA52 /* GithubTutorial.app */ = {isa = PBXFileReference; explicitFileType = wrapper.application; includeInIndex = 0; path = GithubTutorial.app; sourceTree = BUILT_PRODUCTS_DIR; };
		5385A8012A149E310098CA52 /* GithubTutorialApp.swift */ = {isa = PBXFileReference; lastKnownFileType = sourcecode.swift; path = GithubTutorialApp.swift; sourceTree = "<group>"; };
		5385A8032A149E310098CA52 /* ContentView.swift */ = {isa = PBXFileReference; lastKnownFileType = sourcecode.swift; path = ContentView.swift; sourceTree = "<group>"; };
		5385A8052A149E320098CA52 /* Assets.xcassets */ = {isa = PBXFileReference; lastKnownFileType = folder.assetcatalog; path = Assets.xcassets; sourceTree = "<group>"; };
		5385A8072A149E320098CA52 /* GithubTutorial.entitlements */ = {isa = PBXFileReference; lastKnownFileType = text.plist.entitlements; path = GithubTutorial.entitlements; sourceTree = "<group>"; };
		5385A8092A149E320098CA52 /* Preview Assets.xcassets */ = {isa = PBXFileReference; lastKnownFileType = folder.assetcatalog; path = "Preview Assets.xcassets"; sourceTree = "<group>"; };
		5385A80F2A149E320098CA52 /* GithubTutorialTests.xctest */ = {isa = PBXFileReference; explicitFileType = wrapper.cfbundle; includeInIndex = 0; path = GithubTutorialTests.xctest; sourceTree = BUILT_PRODUCTS_DIR; };
		5385A8132A149E320098CA52 /* GithubTutorialTests.swift */ = {isa = PBXFileReference; lastKnownFileType = sourcecode.swift; path = GithubTutorialTests.swift; sourceTree = "<group>"; };
		5385A8192A149E320098CA52 /* GithubTutorialUITests.xctest */ = {isa = PBXFileReference; explicitFileType = wrapper.cfbundle; includeInIndex = 0; path = GithubTutorialUITests.xctest; sourceTree = BUILT_PRODUCTS_DIR; };
		5385A81D2A149E320098CA52 /* GithubTutorialUITests.swift */ = {isa = PBXFileReference; lastKnownFileType = sourcecode.swift; path = GithubTutorialUITests.swift; sourceTree = "<group>"; };
		5385A81F2A149E320098CA52 /* GithubTutorialUITestsLaunchTests.swift */ = {isa = PBXFileReference; lastKnownFileType = sourcecode.swift; path = GithubTutorialUITestsLaunchTests.swift; sourceTree = "<group>"; };
/* End PBXFileReference section */

/* Begin PBXFrameworksBuildPhase section */
		5385A7FB2A149E310098CA52 /* Frameworks */ = {
			isa = PBXFrameworksBuildPhase;
			buildActionMask = 2147483647;
			files = (
			);
			runOnlyForDeploymentPostprocessing = 0;
		};
		5385A80C2A149E320098CA52 /* Frameworks */ = {
			isa = PBXFrameworksBuildPhase;
			buildActionMask = 2147483647;
			files = (
			);
			runOnlyForDeploymentPostprocessing = 0;
		};
		5385A8162A149E320098CA52 /* Frameworks */ = {
			isa = PBXFrameworksBuildPhase;
			buildActionMask = 2147483647;
			files = (
			);
			runOnlyForDeploymentPostprocessing = 0;
		};
/* End PBXFrameworksBuildPhase section */

/* Begin PBXGroup section */
		5385A7F52A149E310098CA52 = {
			isa = PBXGroup;
			children = (
				5385A8002A149E310098CA52 /* GithubTutorial */,
				5385A8122A149E320098CA52 /* GithubTutorialTests */,
				5385A81C2A149E320098CA52 /* GithubTutorialUITests */,
				5385A7FF2A149E310098CA52 /* Products */,
			);
			sourceTree = "<group>";
		};
		5385A7FF2A149E310098CA52 /* Products */ = {
			isa = PBXGroup;
			children = (
				5385A7FE2A149E310098CA52 /* GithubTutorial.app */,
				5385A80F2A149E320098CA52 /* GithubTutorialTests.xctest */,
				5385A8192A149E320098CA52 /* GithubTutorialUITests.xctest */,
			);
			name = Products;
			sourceTree = "<group>";
		};
		5385A8002A149E310098CA52 /* GithubTutorial */ = {
			isa = PBXGroup;
			children = (
				5385A8012A149E310098CA52 /* GithubTutorialApp.swift */,
				5385A8032A149E310098CA52 /* ContentView.swift */,
				5385A8052A149E320098CA52 /* Assets.xcassets */,
				5385A8072A149E320098CA52 /* GithubTutorial.entitlements */,
				5385A8082A149E320098CA52 /* Preview Content */,
			);
			path = GithubTutorial;
			sourceTree = "<group>";
		};
		5385A8082A149E320098CA52 /* Preview Content */ = {
			isa = PBXGroup;
			children = (
				5385A8092A149E320098CA52 /* Preview Assets.xcassets */,
			);
			path = "Preview Content";
			sourceTree = "<group>";
		};
		5385A8122A149E320098CA52 /* GithubTutorialTests */ = {
			isa = PBXGroup;
			children = (
				5385A8132A149E320098CA52 /* GithubTutorialTests.swift */,
			);
			path = GithubTutorialTests;
			sourceTree = "<group>";
		};
		5385A81C2A149E320098CA52 /* GithubTutorialUITests */ = {
			isa = PBXGroup;
			children = (
				5385A81D2A149E320098CA52 /* GithubTutorialUITests.swift */,
				5385A81F2A149E320098CA52 /* GithubTutorialUITestsLaunchTests.swift */,
			);
			path = GithubTutorialUITests;
			sourceTree = "<group>";
		};
/* End PBXGroup section */

/* Begin PBXNativeTarget section */
		5385A7FD2A149E310098CA52 /* GithubTutorial */ = {
			isa = PBXNativeTarget;
			buildConfigurationList = 5385A8232A149E320098CA52 /* Build configuration list for PBXNativeTarget "GithubTutorial" */;
			buildPhases = (
				5385A7FA2A149E310098CA52 /* Sources */,
				5385A7FB2A149E310098CA52 /* Frameworks */,
				5385A7FC2A149E310098CA52 /* Resources */,
			);
			buildRules = (
			);
			dependencies = (
			);
			name = GithubTutorial;
			productName = GithubTutorial;
			productReference = 5385A7FE2A149E310098CA52 /* GithubTutorial.app */;
			productType = "com.apple.product-type.application";
		};
		5385A80E2A149E320098CA52 /* GithubTutorialTests */ = {
			isa = PBXNativeTarget;
			buildConfigurationList = 5385A8262A149E320098CA52 /* Build configuration list for PBXNativeTarget "GithubTutorialTests" */;
			buildPhases = (
				5385A80B2A149E320098CA52 /* Sources */,
				5385A80C2A149E320098CA52 /* Frameworks */,
				5385A80D2A149E320098CA52 /* Resources */,
			);
			buildRules = (
			);
			dependencies = (
				5385A8112A149E320098CA52 /* PBXTargetDependency */,
			);
			name = GithubTutorialTests;
			productName = GithubTutorialTests;
			productReference = 5385A80F2A149E320098CA52 /* GithubTutorialTests.xctest */;
			productType = "com.apple.product-type.bundle.unit-test";
		};
		5385A8182A149E320098CA52 /* GithubTutorialUITests */ = {
			isa = PBXNativeTarget;
			buildConfigurationList = 5385A8292A149E320098CA52 /* Build configuration list for PBXNativeTarget "GithubTutorialUITests" */;
			buildPhases = (
				5385A8152A149E320098CA52 /* Sources */,
				5385A8162A149E320098CA52 /* Frameworks */,
				5385A8172A149E320098CA52 /* Resources */,
			);
			buildRules = (
			);
			dependencies = (
				5385A81B2A149E320098CA52 /* PBXTargetDependency */,
			);
			name = GithubTutorialUITests;
			productName = GithubTutorialUITests;
			productReference = 5385A8192A149E320098CA52 /* GithubTutorialUITests.xctest */;
			productType = "com.apple.product-type.bundle.ui-testing";
		};
/* End PBXNativeTarget section */

/* Begin PBXProject section */
		5385A7F62A149E310098CA52 /* Project object */ = {
			isa = PBXProject;
			attributes = {
				BuildIndependentTargetsInParallel = 1;
				LastSwiftUpdateCheck = 1430;
				LastUpgradeCheck = 1430;
				TargetAttributes = {
					5385A7FD2A149E310098CA52 = {
						CreatedOnToolsVersion = 14.3;
					};
					5385A80E2A149E320098CA52 = {
						CreatedOnToolsVersion = 14.3;
						TestTargetID = 5385A7FD2A149E310098CA52;
					};
					5385A8182A149E320098CA52 = {
						CreatedOnToolsVersion = 14.3;
						TestTargetID = 5385A7FD2A149E310098CA52;
					};
				};
			};
			buildConfigurationList = 5385A7F92A149E310098CA52 /* Build configuration list for PBXProject "GithubTutorial" */;
			compatibilityVersion = "Xcode 14.0";
			developmentRegion = en;
			hasScannedForEncodings = 0;
			knownRegions = (
				en,
				Base,
			);
			mainGroup = 5385A7F52A149E310098CA52;
			productRefGroup = 5385A7FF2A149E310098CA52 /* Products */;
			projectDirPath = "";
			projectRoot = "";
			targets = (
				5385A7FD2A149E310098CA52 /* GithubTutorial */,
				5385A80E2A149E320098CA52 /* GithubTutorialTests */,
				5385A8182A149E320098CA52 /* GithubTutorialUITests */,
			);
		};
/* End PBXProject section */

/* Begin PBXResourcesBuildPhase section */
		5385A7FC2A149E310098CA52 /* Resources */ = {
			isa = PBXResourcesBuildPhase;
			buildActionMask = 2147483647;
			files = (
				5385A80A2A149E320098CA52 /* Preview Assets.xcassets in Resources */,
				5385A8062A149E320098CA52 /* Assets.xcassets in Resources */,
			);
			runOnlyForDeploymentPostprocessing = 0;
		};
		5385A80D2A149E320098CA52 /* Resources */ = {
			isa = PBXResourcesBuildPhase;
			buildActionMask = 2147483647;
			files = (
			);
			runOnlyForDeploymentPostprocessing = 0;
		};
		5385A8172A149E320098CA52 /* Resources */ = {
			isa = PBXResourcesBuildPhase;
			buildActionMask = 2147483647;
			files = (
			);
			runOnlyForDeploymentPostprocessing = 0;
		};
/* End PBXResourcesBuildPhase section */

/* Begin PBXSourcesBuildPhase section */
		5385A7FA2A149E310098CA52 /* Sources */ = {
			isa = PBXSourcesBuildPhase;
			buildActionMask = 2147483647;
			files = (
				5385A8042A149E310098CA52 /* ContentView.swift in Sources */,
				5385A8022A149E310098CA52 /* GithubTutorialApp.swift in Sources */,
			);
			runOnlyForDeploymentPostprocessing = 0;
		};
		5385A80B2A149E320098CA52 /* Sources */ = {
			isa = PBXSourcesBuildPhase;
			buildActionMask = 2147483647;
			files = (
				5385A8142A149E320098CA52 /* GithubTutorialTests.swift in Sources */,
			);
			runOnlyForDeploymentPostprocessing = 0;
		};
		5385A8152A149E320098CA52 /* Sources */ = {
			isa = PBXSourcesBuildPhase;
			buildActionMask = 2147483647;
			files = (
				5385A81E2A149E320098CA52 /* GithubTutorialUITests.swift in Sources */,
				5385A8202A149E320098CA52 /* GithubTutorialUITestsLaunchTests.swift in Sources */,
			);
			runOnlyForDeploymentPostprocessing = 0;
		};
/* End PBXSourcesBuildPhase section */

/* Begin PBXTargetDependency section */
		5385A8112A149E320098CA52 /* PBXTargetDependency */ = {
			isa = PBXTargetDependency;
			target = 5385A7FD2A149E310098CA52 /* GithubTutorial */;
			targetProxy = 5385A8102A149E320098CA52 /* PBXContainerItemProxy */;
		};
		5385A81B2A149E320098CA52 /* PBXTargetDependency */ = {
			isa = PBXTargetDependency;
			target = 5385A7FD2A149E310098CA52 /* GithubTutorial */;
			targetProxy = 5385A81A2A149E320098CA52 /* PBXContainerItemProxy */;
		};
/* End PBXTargetDependency section */

/* Begin XCBuildConfiguration section */
		5385A8212A149E320098CA52 /* Debug */ = {
			isa = XCBuildConfiguration;
			buildSettings = {
				ALWAYS_SEARCH_USER_PATHS = NO;
				CLANG_ANALYZER_NONNULL = YES;
				CLANG_ANALYZER_NUMBER_OBJECT_CONVERSION = YES_AGGRESSIVE;
				CLANG_CXX_LANGUAGE_STANDARD = "gnu++20";
				CLANG_ENABLE_MODULES = YES;
				CLANG_ENABLE_OBJC_ARC = YES;
				CLANG_ENABLE_OBJC_WEAK = YES;
				CLANG_WARN_BLOCK_CAPTURE_AUTORELEASING = YES;
				CLANG_WARN_BOOL_CONVERSION = YES;
				CLANG_WARN_COMMA = YES;
				CLANG_WARN_CONSTANT_CONVERSION = YES;
				CLANG_WARN_DEPRECATED_OBJC_IMPLEMENTATIONS = YES;
				CLANG_WARN_DIRECT_OBJC_ISA_USAGE = YES_ERROR;
				CLANG_WARN_DOCUMENTATION_COMMENTS = YES;
				CLANG_WARN_EMPTY_BODY = YES;
				CLANG_WARN_ENUM_CONVERSION = YES;
				CLANG_WARN_INFINITE_RECURSION = YES;
				CLANG_WARN_INT_CONVERSION = YES;
				CLANG_WARN_NON_LITERAL_NULL_CONVERSION = YES;
				CLANG_WARN_OBJC_IMPLICIT_RETAIN_SELF = YES;
				CLANG_WARN_OBJC_LITERAL_CONVERSION = YES;
				CLANG_WARN_OBJC_ROOT_CLASS = YES_ERROR;
				CLANG_WARN_QUOTED_INCLUDE_IN_FRAMEWORK_HEADER = YES;
				CLANG_WARN_RANGE_LOOP_ANALYSIS = YES;
				CLANG_WARN_STRICT_PROTOTYPES = YES;
				CLANG_WARN_SUSPICIOUS_MOVE = YES;
				CLANG_WARN_UNGUARDED_AVAILABILITY = YES_AGGRESSIVE;
				CLANG_WARN_UNREACHABLE_CODE = YES;
				CLANG_WARN__DUPLICATE_METHOD_MATCH = YES;
				COPY_PHASE_STRIP = NO;
				DEBUG_INFORMATION_FORMAT = dwarf;
				ENABLE_STRICT_OBJC_MSGSEND = YES;
				ENABLE_TESTABILITY = YES;
				GCC_C_LANGUAGE_STANDARD = gnu11;
				GCC_DYNAMIC_NO_PIC = NO;
				GCC_NO_COMMON_BLOCKS = YES;
				GCC_OPTIMIZATION_LEVEL = 0;
				GCC_PREPROCESSOR_DEFINITIONS = (
					"DEBUG=1",
					"$(inherited)",
				);
				GCC_WARN_64_TO_32_BIT_CONVERSION = YES;
				GCC_WARN_ABOUT_RETURN_TYPE = YES_ERROR;
				GCC_WARN_UNDECLARED_SELECTOR = YES;
				GCC_WARN_UNINITIALIZED_AUTOS = YES_AGGRESSIVE;
				GCC_WARN_UNUSED_FUNCTION = YES;
				GCC_WARN_UNUSED_VARIABLE = YES;
				MTL_ENABLE_DEBUG_INFO = INCLUDE_SOURCE;
				MTL_FAST_MATH = YES;
				ONLY_ACTIVE_ARCH = YES;
				SWIFT_ACTIVE_COMPILATION_CONDITIONS = DEBUG;
				SWIFT_OPTIMIZATION_LEVEL = "-Onone";
			};
			name = Debug;
		};
		5385A8222A149E320098CA52 /* Release */ = {
			isa = XCBuildConfiguration;
			buildSettings = {
				ALWAYS_SEARCH_USER_PATHS = NO;
				CLANG_ANALYZER_NONNULL = YES;
				CLANG_ANALYZER_NUMBER_OBJECT_CONVERSION = YES_AGGRESSIVE;
				CLANG_CXX_LANGUAGE_STANDARD = "gnu++20";
				CLANG_ENABLE_MODULES = YES;
				CLANG_ENABLE_OBJC_ARC = YES;
				CLANG_ENABLE_OBJC_WEAK = YES;
				CLANG_WARN_BLOCK_CAPTURE_AUTORELEASING = YES;
				CLANG_WARN_BOOL_CONVERSION = YES;
				CLANG_WARN_COMMA = YES;
				CLANG_WARN_CONSTANT_CONVERSION = YES;
				CLANG_WARN_DEPRECATED_OBJC_IMPLEMENTATIONS = YES;
				CLANG_WARN_DIRECT_OBJC_ISA_USAGE = YES_ERROR;
				CLANG_WARN_DOCUMENTATION_COMMENTS = YES;
				CLANG_WARN_EMPTY_BODY = YES;
				CLANG_WARN_ENUM_CONVERSION = YES;
				CLANG_WARN_INFINITE_RECURSION = YES;
				CLANG_WARN_INT_CONVERSION = YES;
				CLANG_WARN_NON_LITERAL_NULL_CONVERSION = YES;
				CLANG_WARN_OBJC_IMPLICIT_RETAIN_SELF = YES;
				CLANG_WARN_OBJC_LITERAL_CONVERSION = YES;
				CLANG_WARN_OBJC_ROOT_CLASS = YES_ERROR;
				CLANG_WARN_QUOTED_INCLUDE_IN_FRAMEWORK_HEADER = YES;
				CLANG_WARN_RANGE_LOOP_ANALYSIS = YES;
				CLANG_WARN_STRICT_PROTOTYPES = YES;
				CLANG_WARN_SUSPICIOUS_MOVE = YES;
				CLANG_WARN_UNGUARDED_AVAILABILITY = YES_AGGRESSIVE;
				CLANG_WARN_UNREACHABLE_CODE = YES;
				CLANG_WARN__DUPLICATE_METHOD_MATCH = YES;
				COPY_PHASE_STRIP = NO;
				DEBUG_INFORMATION_FORMAT = "dwarf-with-dsym";
				ENABLE_NS_ASSERTIONS = NO;
				ENABLE_STRICT_OBJC_MSGSEND = YES;
				GCC_C_LANGUAGE_STANDARD = gnu11;
				GCC_NO_COMMON_BLOCKS = YES;
				GCC_WARN_64_TO_32_BIT_CONVERSION = YES;
				GCC_WARN_ABOUT_RETURN_TYPE = YES_ERROR;
				GCC_WARN_UNDECLARED_SELECTOR = YES;
				GCC_WARN_UNINITIALIZED_AUTOS = YES_AGGRESSIVE;
				GCC_WARN_UNUSED_FUNCTION = YES;
				GCC_WARN_UNUSED_VARIABLE = YES;
				MTL_ENABLE_DEBUG_INFO = NO;
				MTL_FAST_MATH = YES;
				SWIFT_COMPILATION_MODE = wholemodule;
				SWIFT_OPTIMIZATION_LEVEL = "-O";
			};
			name = Release;
		};
		5385A8242A149E320098CA52 /* Debug */ = {
			isa = XCBuildConfiguration;
			buildSettings = {
				ASSETCATALOG_COMPILER_APPICON_NAME = AppIcon;
				ASSETCATALOG_COMPILER_GLOBAL_ACCENT_COLOR_NAME = AccentColor;
				CODE_SIGN_ENTITLEMENTS = GithubTutorial/GithubTutorial.entitlements;
				CODE_SIGN_STYLE = Automatic;
				CURRENT_PROJECT_VERSION = 1;
				DEVELOPMENT_ASSET_PATHS = "\"GithubTutorial/Preview Content\"";
				DEVELOPMENT_TEAM = 8W2KQU8ZWG;
				ENABLE_HARDENED_RUNTIME = YES;
				ENABLE_PREVIEWS = YES;
				GENERATE_INFOPLIST_FILE = YES;
				"INFOPLIST_KEY_UIApplicationSceneManifest_Generation[sdk=iphoneos*]" = YES;
				"INFOPLIST_KEY_UIApplicationSceneManifest_Generation[sdk=iphonesimulator*]" = YES;
				"INFOPLIST_KEY_UIApplicationSupportsIndirectInputEvents[sdk=iphoneos*]" = YES;
				"INFOPLIST_KEY_UIApplicationSupportsIndirectInputEvents[sdk=iphonesimulator*]" = YES;
				"INFOPLIST_KEY_UILaunchScreen_Generation[sdk=iphoneos*]" = YES;
				"INFOPLIST_KEY_UILaunchScreen_Generation[sdk=iphonesimulator*]" = YES;
				"INFOPLIST_KEY_UIStatusBarStyle[sdk=iphoneos*]" = UIStatusBarStyleDefault;
				"INFOPLIST_KEY_UIStatusBarStyle[sdk=iphonesimulator*]" = UIStatusBarStyleDefault;
				INFOPLIST_KEY_UISupportedInterfaceOrientations_iPad = "UIInterfaceOrientationPortrait UIInterfaceOrientationPortraitUpsideDown UIInterfaceOrientationLandscapeLeft UIInterfaceOrientationLandscapeRight";
				INFOPLIST_KEY_UISupportedInterfaceOrientations_iPhone = "UIInterfaceOrientationPortrait UIInterfaceOrientationLandscapeLeft UIInterfaceOrientationLandscapeRight";
				IPHONEOS_DEPLOYMENT_TARGET = 16.4;
				LD_RUNPATH_SEARCH_PATHS = "@executable_path/Frameworks";
				"LD_RUNPATH_SEARCH_PATHS[sdk=macosx*]" = "@executable_path/../Frameworks";
				MACOSX_DEPLOYMENT_TARGET = 13.2;
				MARKETING_VERSION = 1.0;
				PRODUCT_BUNDLE_IDENTIFIER = jesse.GithubTutorial;
				PRODUCT_NAME = "$(TARGET_NAME)";
				SDKROOT = auto;
				SUPPORTED_PLATFORMS = "iphoneos iphonesimulator macosx";
				SWIFT_EMIT_LOC_STRINGS = YES;
				SWIFT_VERSION = 5.0;
				TARGETED_DEVICE_FAMILY = "1,2";
			};
			name = Debug;
		};
		5385A8252A149E320098CA52 /* Release */ = {
			isa = XCBuildConfiguration;
			buildSettings = {
				ASSETCATALOG_COMPILER_APPICON_NAME = AppIcon;
				ASSETCATALOG_COMPILER_GLOBAL_ACCENT_COLOR_NAME = AccentColor;
				CODE_SIGN_ENTITLEMENTS = GithubTutorial/GithubTutorial.entitlements;
				CODE_SIGN_STYLE = Automatic;
				CURRENT_PROJECT_VERSION = 1;
				DEVELOPMENT_ASSET_PATHS = "\"GithubTutorial/Preview Content\"";
				DEVELOPMENT_TEAM = 8W2KQU8ZWG;
				ENABLE_HARDENED_RUNTIME = YES;
				ENABLE_PREVIEWS = YES;
				GENERATE_INFOPLIST_FILE = YES;
				"INFOPLIST_KEY_UIApplicationSceneManifest_Generation[sdk=iphoneos*]" = YES;
				"INFOPLIST_KEY_UIApplicationSceneManifest_Generation[sdk=iphonesimulator*]" = YES;
				"INFOPLIST_KEY_UIApplicationSupportsIndirectInputEvents[sdk=iphoneos*]" = YES;
				"INFOPLIST_KEY_UIApplicationSupportsIndirectInputEvents[sdk=iphonesimulator*]" = YES;
				"INFOPLIST_KEY_UILaunchScreen_Generation[sdk=iphoneos*]" = YES;
				"INFOPLIST_KEY_UILaunchScreen_Generation[sdk=iphonesimulator*]" = YES;
				"INFOPLIST_KEY_UIStatusBarStyle[sdk=iphoneos*]" = UIStatusBarStyleDefault;
				"INFOPLIST_KEY_UIStatusBarStyle[sdk=iphonesimulator*]" = UIStatusBarStyleDefault;
				INFOPLIST_KEY_UISupportedInterfaceOrientations_iPad = "UIInterfaceOrientationPortrait UIInterfaceOrientationPortraitUpsideDown UIInterfaceOrientationLandscapeLeft UIInterfaceOrientationLandscapeRight";
				INFOPLIST_KEY_UISupportedInterfaceOrientations_iPhone = "UIInterfaceOrientationPortrait UIInterfaceOrientationLandscapeLeft UIInterfaceOrientationLandscapeRight";
				IPHONEOS_DEPLOYMENT_TARGET = 16.4;
				LD_RUNPATH_SEARCH_PATHS = "@executable_path/Frameworks";
				"LD_RUNPATH_SEARCH_PATHS[sdk=macosx*]" = "@executable_path/../Frameworks";
				MACOSX_DEPLOYMENT_TARGET = 13.2;
				MARKETING_VERSION = 1.0;
				PRODUCT_BUNDLE_IDENTIFIER = jesse.GithubTutorial;
				PRODUCT_NAME = "$(TARGET_NAME)";
				SDKROOT = auto;
				SUPPORTED_PLATFORMS = "iphoneos iphonesimulator macosx";
				SWIFT_EMIT_LOC_STRINGS = YES;
				SWIFT_VERSION = 5.0;
				TARGETED_DEVICE_FAMILY = "1,2";
			};
			name = Release;
		};
		5385A8272A149E320098CA52 /* Debug */ = {
			isa = XCBuildConfiguration;
			buildSettings = {
				ALWAYS_EMBED_SWIFT_STANDARD_LIBRARIES = YES;
				BUNDLE_LOADER = "$(TEST_HOST)";
				CODE_SIGN_STYLE = Automatic;
				CURRENT_PROJECT_VERSION = 1;
				DEVELOPMENT_TEAM = 8W2KQU8ZWG;
				GENERATE_INFOPLIST_FILE = YES;
				IPHONEOS_DEPLOYMENT_TARGET = 16.4;
				MACOSX_DEPLOYMENT_TARGET = 13.2;
				MARKETING_VERSION = 1.0;
				PRODUCT_BUNDLE_IDENTIFIER = jesse.GithubTutorialTests;
				PRODUCT_NAME = "$(TARGET_NAME)";
				SDKROOT = auto;
				SUPPORTED_PLATFORMS = "iphoneos iphonesimulator macosx";
				SWIFT_EMIT_LOC_STRINGS = NO;
				SWIFT_VERSION = 5.0;
				TARGETED_DEVICE_FAMILY = "1,2";
				TEST_HOST = "$(BUILT_PRODUCTS_DIR)/GithubTutorial.app/$(BUNDLE_EXECUTABLE_FOLDER_PATH)/GithubTutorial";
			};
			name = Debug;
		};
		5385A8282A149E320098CA52 /* Release */ = {
			isa = XCBuildConfiguration;
			buildSettings = {
				ALWAYS_EMBED_SWIFT_STANDARD_LIBRARIES = YES;
				BUNDLE_LOADER = "$(TEST_HOST)";
				CODE_SIGN_STYLE = Automatic;
				CURRENT_PROJECT_VERSION = 1;
				DEVELOPMENT_TEAM = 8W2KQU8ZWG;
				GENERATE_INFOPLIST_FILE = YES;
				IPHONEOS_DEPLOYMENT_TARGET = 16.4;
				MACOSX_DEPLOYMENT_TARGET = 13.2;
				MARKETING_VERSION = 1.0;
				PRODUCT_BUNDLE_IDENTIFIER = jesse.GithubTutorialTests;
				PRODUCT_NAME = "$(TARGET_NAME)";
				SDKROOT = auto;
				SUPPORTED_PLATFORMS = "iphoneos iphonesimulator macosx";
				SWIFT_EMIT_LOC_STRINGS = NO;
				SWIFT_VERSION = 5.0;
				TARGETED_DEVICE_FAMILY = "1,2";
				TEST_HOST = "$(BUILT_PRODUCTS_DIR)/GithubTutorial.app/$(BUNDLE_EXECUTABLE_FOLDER_PATH)/GithubTutorial";
			};
			name = Release;
		};
		5385A82A2A149E320098CA52 /* Debug */ = {
			isa = XCBuildConfiguration;
			buildSettings = {
				ALWAYS_EMBED_SWIFT_STANDARD_LIBRARIES = YES;
				CODE_SIGN_STYLE = Automatic;
				CURRENT_PROJECT_VERSION = 1;
				DEVELOPMENT_TEAM = 8W2KQU8ZWG;
				GENERATE_INFOPLIST_FILE = YES;
				IPHONEOS_DEPLOYMENT_TARGET = 16.4;
				MACOSX_DEPLOYMENT_TARGET = 13.2;
				MARKETING_VERSION = 1.0;
				PRODUCT_BUNDLE_IDENTIFIER = jesse.GithubTutorialUITests;
				PRODUCT_NAME = "$(TARGET_NAME)";
				SDKROOT = auto;
				SUPPORTED_PLATFORMS = "iphoneos iphonesimulator macosx";
				SWIFT_EMIT_LOC_STRINGS = NO;
				SWIFT_VERSION = 5.0;
				TARGETED_DEVICE_FAMILY = "1,2";
				TEST_TARGET_NAME = GithubTutorial;
			};
			name = Debug;
		};
		5385A82B2A149E320098CA52 /* Release */ = {
			isa = XCBuildConfiguration;
			buildSettings = {
				ALWAYS_EMBED_SWIFT_STANDARD_LIBRARIES = YES;
				CODE_SIGN_STYLE = Automatic;
				CURRENT_PROJECT_VERSION = 1;
				DEVELOPMENT_TEAM = 8W2KQU8ZWG;
				GENERATE_INFOPLIST_FILE = YES;
				IPHONEOS_DEPLOYMENT_TARGET = 16.4;
				MACOSX_DEPLOYMENT_TARGET = 13.2;
				MARKETING_VERSION = 1.0;
				PRODUCT_BUNDLE_IDENTIFIER = jesse.GithubTutorialUITests;
				PRODUCT_NAME = "$(TARGET_NAME)";
				SDKROOT = auto;
				SUPPORTED_PLATFORMS = "iphoneos iphonesimulator macosx";
				SWIFT_EMIT_LOC_STRINGS = NO;
				SWIFT_VERSION = 5.0;
				TARGETED_DEVICE_FAMILY = "1,2";
				TEST_TARGET_NAME = GithubTutorial;
			};
			name = Release;
		};
/* End XCBuildConfiguration section */

/* Begin XCConfigurationList section */
		5385A7F92A149E310098CA52 /* Build configuration list for PBXProject "GithubTutorial" */ = {
			isa = XCConfigurationList;
			buildConfigurations = (
				5385A8212A149E320098CA52 /* Debug */,
				5385A8222A149E320098CA52 /* Release */,
			);
			defaultConfigurationIsVisible = 0;
			defaultConfigurationName = Release;
		};
		5385A8232A149E320098CA52 /* Build configuration list for PBXNativeTarget "GithubTutorial" */ = {
			isa = XCConfigurationList;
			buildConfigurations = (
				5385A8242A149E320098CA52 /* Debug */,
				5385A8252A149E320098CA52 /* Release */,
			);
			defaultConfigurationIsVisible = 0;
			defaultConfigurationName = Release;
		};
		5385A8262A149E320098CA52 /* Build configuration list for PBXNativeTarget "GithubTutorialTests" */ = {
			isa = XCConfigurationList;
			buildConfigurations = (
				5385A8272A149E320098CA52 /* Debug */,
				5385A8282A149E320098CA52 /* Release */,
			);
			defaultConfigurationIsVisible = 0;
			defaultConfigurationName = Release;
		};
		5385A8292A149E320098CA52 /* Build configuration list for PBXNativeTarget "GithubTutorialUITests" */ = {
			isa = XCConfigurationList;
			buildConfigurations = (
				5385A82A2A149E320098CA52 /* Debug */,
				5385A82B2A149E320098CA52 /* Release */,
			);
			defaultConfigurationIsVisible = 0;
			defaultConfigurationName = Release;
		};
/* End XCConfigurationList section */
	};
	rootObject = 5385A7F62A149E310098CA52 /* Project object */;
}
